
Microsoft Visual Studio Solution File, Format Version 12.00
# Visual Studio Version 16
VisualStudioVersion = 16.0.29326.143
MinimumVisualStudioVersion = 10.0.40219.1
Project("{FAE04EC0-301F-11D3-BF4B-00C04F79EFBC}") = "Lab1Assignment_Delegate", "Lab1Assignment_Delegate\Lab1Assignment_Delegate.csproj", "{42F89AF7-C561-4937-9DD3-A998C06AAD3A}"
EndProject
Global
	GlobalSection(SolutionConfigurationPlatforms) = preSolution
		Debug|Any CPU = Debug|Any CPU
		Release|Any CPU = Release|Any CPU
	EndGlobalSection
	GlobalSection(ProjectConfigurationPlatforms) = postSolution
		{42F89AF7-C561-4937-9DD3-A998C06AAD3A}.Debug|Any CPU.ActiveCfg = Debug|Any CPU
		{42F89AF7-C561-4937-9DD3-A998C06AAD3A}.Debug|Any CPU.Build.0 = Debug|Any CPU
		{42F89AF7-C561-4937-9DD3-A998C06AAD3A}.Release|Any CPU.ActiveCfg = Release|Any CPU
		{42F89AF7-C561-4937-9DD3-A998C06AAD3A}.Release|Any CPU.Build.0 = Release|Any CPU
	EndGlobalSection
	GlobalSection(SolutionProperties) = preSolution
		HideSolutionNode = FALSE
	EndGlobalSection
	GlobalSection(ExtensibilityGlobals) = postSolution
		SolutionGuid = {565F8AF7-4A09-42F1-8CD3-B88EA218AA84}
	EndGlobalSection
EndGlobal
